github.com/google/go-cmp v0.7.0 h1:wk8382ETsv4JYUZwIsn6YpYiWiBsYLSJiTsyBybVuN8=
github.com/google/go-cmp v0.7.0/go.mod h1:pXiqmnSA92OHEEa9HXL2W4E7lf9JzCmGVUdgjX3N/iU=
github.com/torana-edge/torana-plugin-sdk v0.2.1-0.20260804120604-995c0bd40baa h1:FqxtY32FYVDkG+l8tQbmbYDxEvbWoWFeLTBJXWyRRYo=
github.com/torana-edge/torana-plugin-sdk v0.2.1-0.20260804120604-995c0bd40baa/go.mod h1:AQgCa3xORFCvKFibrhN2QYWYwXjx0aLUA64I5S9UMwk=
github.com/torana-edge/torana-plugin-sdk v0.2.1-0.20260805191635-2271a19c4e7e h1:KRBiv3hjglQUZNaFv8kjdbc0o2+EfukWr0fa8+/YIX8=
github.com/torana-edge/torana-plugin-sdk v0.2.1-0.20260805191635-2271a19c4e7e/go.mod h1:AQgCa3xORFCvKFibrhN2QYWYwXjx0aLUA64I5S9UMwk=
google.golang.org/protobuf v1.36.11 h1:fV6ZwhNocDyBLK0dj+fg8ektcVegBBuEolpbTQyBNVE=
google.golang.org/protobuf v1.36.11/go.mod h1:HTf+CrKn2C3g5S8VImy6tdcUvCska2kB7j23XfzDpco=
